// !$*UTF8*$!
{
	archiveVersion = 1;
	classes = {
	};
	objectVersion = 55;
	objects = {

/* Begin PBXBuildFile section */
		191BF0D927B46F15004B2161 /* CreateNewGameViewController.swift in Sources */ = {isa = PBXBuildFile; fileRef = 191BF0D827B46F15004B2161 /* CreateNewGameViewController.swift */; };
		1931422D27BA0C4300752221 /* DifficultyPickerViewCollectionViewCell.swift in Sources */ = {isa = PBXBuildFile; fileRef = 1931422C27BA0C4300752221 /* DifficultyPickerViewCollectionViewCell.swift */; };
		1931423227BAEDB400752221 /* SwitchListCollectionViewCell.swift in Sources */ = {isa = PBXBuildFile; fileRef = 1931423127BAEDB400752221 /* SwitchListCollectionViewCell.swift */; };
		1940FDCB27B57DB000C69111 /* TextEntryCollectionViewCell.swift in Sources */ = {isa = PBXBuildFile; fileRef = 1940FDCA27B57DB000C69111 /* TextEntryCollectionViewCell.swift */; };
		1950685627BFDD2D00E0274D /* PlayerTests.swift in Sources */ = {isa = PBXBuildFile; fileRef = 1950685527BFDD2D00E0274D /* PlayerTests.swift */; };
		1950685827BFDD8900E0274D /* CreateNewGameViewControllerTests.swift in Sources */ = {isa = PBXBuildFile; fileRef = 1950685727BFDD8900E0274D /* CreateNewGameViewControllerTests.swift */; };
		1950685A27BFDDF700E0274D /* CreateNewGameDelegateFunctions.swift in Sources */ = {isa = PBXBuildFile; fileRef = 1950685927BFDDF700E0274D /* CreateNewGameDelegateFunctions.swift */; };
		1950685D27BFDECF00E0274D /* CreateNewGameCellRegistrations.swift in Sources */ = {isa = PBXBuildFile; fileRef = 1950685C27BFDECF00E0274D /* CreateNewGameCellRegistrations.swift */; };
		1950686127BFE3F300E0274D /* ViewGameViewController.swift in Sources */ = {isa = PBXBuildFile; fileRef = 1950686027BFE3F300E0274D /* ViewGameViewController.swift */; };
		1953F31D27BF27A000F84D8E /* GameTests.swift in Sources */ = {isa = PBXBuildFile; fileRef = 1953F31C27BF27A000F84D8E /* GameTests.swift */; };
		1953F31F27BF28D600F84D8E /* CoreDataTestStack.swift in Sources */ = {isa = PBXBuildFile; fileRef = 1953F31E27BF28D600F84D8E /* CoreDataTestStack.swift */; };
		195B6A8827BDD46E007A2790 /* GameOverviewTableViewCell.swift in Sources */ = {isa = PBXBuildFile; fileRef = 195B6A8727BDD46E007A2790 /* GameOverviewTableViewCell.swift */; };
		198BD17A27BC393A0056FAC6 /* GenericNSManagedObject.swift in Sources */ = {isa = PBXBuildFile; fileRef = 198BD17927BC393A0056FAC6 /* GenericNSManagedObject.swift */; };
		19A216B127B62850000A24FE /* Characters.swift in Sources */ = {isa = PBXBuildFile; fileRef = 19A216B027B62850000A24FE /* Characters.swift */; };
		19B2F3DD27B6DB0500EEE513 /* CharacterPickerViewCollectionViewCell.swift in Sources */ = {isa = PBXBuildFile; fileRef = 19B2F3DC27B6DB0500EEE513 /* CharacterPickerViewCollectionViewCell.swift */; };
		19CA3BBB27B612FB008F6826 /* SegmentedControlCollectionViewCell.swift in Sources */ = {isa = PBXBuildFile; fileRef = 19CA3BBA27B612FB008F6826 /* SegmentedControlCollectionViewCell.swift */; };
		19CAB10527BC416C001D21F6 /* UINavigationControllerExtension.swift in Sources */ = {isa = PBXBuildFile; fileRef = 19CAB10427BC416C001D21F6 /* UINavigationControllerExtension.swift */; };
		19CAB10727BC43A6001D21F6 /* Player.swift in Sources */ = {isa = PBXBuildFile; fileRef = 19CAB10627BC43A6001D21F6 /* Player.swift */; };
		19CAB10927BC458E001D21F6 /* Difficulty.swift in Sources */ = {isa = PBXBuildFile; fileRef = 19CAB10827BC458E001D21F6 /* Difficulty.swift */; };
		19CAB10D27BC92A7001D21F6 /* Rarity.swift in Sources */ = {isa = PBXBuildFile; fileRef = 19CAB10C27BC92A7001D21F6 /* Rarity.swift */; };
		19DB18AA27BC1A9C0076AE52 /* Game.swift in Sources */ = {isa = PBXBuildFile; fileRef = 19DB18A927BC1A9C0076AE52 /* Game.swift */; };
		19E0789D27BDBA0800187FCE /* Scenario.swift in Sources */ = {isa = PBXBuildFile; fileRef = 19E0789C27BDBA0800187FCE /* Scenario.swift */; };
		19E0789F27BDBA1200187FCE /* LootCard.swift in Sources */ = {isa = PBXBuildFile; fileRef = 19E0789E27BDBA1200187FCE /* LootCard.swift */; };
		19ED30A127B0AF840013766B /* AppDelegate.swift in Sources */ = {isa = PBXBuildFile; fileRef = 19ED30A027B0AF840013766B /* AppDelegate.swift */; };
		19ED30A327B0AF840013766B /* SceneDelegate.swift in Sources */ = {isa = PBXBuildFile; fileRef = 19ED30A227B0AF840013766B /* SceneDelegate.swift */; };
		19ED30AB27B0AF840013766B /* DTACompanion.xcdatamodeld in Sources */ = {isa = PBXBuildFile; fileRef = 19ED30A927B0AF840013766B /* DTACompanion.xcdatamodeld */; };
		19ED30AD27B0AF850013766B /* Assets.xcassets in Resources */ = {isa = PBXBuildFile; fileRef = 19ED30AC27B0AF850013766B /* Assets.xcassets */; };
		19ED30B027B0AF850013766B /* LaunchScreen.storyboard in Resources */ = {isa = PBXBuildFile; fileRef = 19ED30AE27B0AF850013766B /* LaunchScreen.storyboard */; };
		19ED30D727B0B1140013766B /* HomeScreenViewController.swift in Sources */ = {isa = PBXBuildFile; fileRef = 19ED30D627B0B1140013766B /* HomeScreenViewController.swift */; };
/* End PBXBuildFile section */

/* Begin PBXContainerItemProxy section */
		19ED30B727B0AF850013766B /* PBXContainerItemProxy */ = {
			isa = PBXContainerItemProxy;
			containerPortal = 19ED309527B0AF840013766B /* Project object */;
			proxyType = 1;
			remoteGlobalIDString = 19ED309C27B0AF840013766B;
			remoteInfo = DTAHelper;
		};
/* End PBXContainerItemProxy section */

/* Begin PBXFileReference section */
		191BF0D827B46F15004B2161 /* CreateNewGameViewController.swift */ = {isa = PBXFileReference; lastKnownFileType = sourcecode.swift; path = CreateNewGameViewController.swift; sourceTree = "<group>"; };
		1931422C27BA0C4300752221 /* DifficultyPickerViewCollectionViewCell.swift */ = {isa = PBXFileReference; lastKnownFileType = sourcecode.swift; path = DifficultyPickerViewCollectionViewCell.swift; sourceTree = "<group>"; };
		1931423127BAEDB400752221 /* SwitchListCollectionViewCell.swift */ = {isa = PBXFileReference; lastKnownFileType = sourcecode.swift; path = SwitchListCollectionViewCell.swift; sourceTree = "<group>"; };
		1940FDCA27B57DB000C69111 /* TextEntryCollectionViewCell.swift */ = {isa = PBXFileReference; lastKnownFileType = sourcecode.swift; path = TextEntryCollectionViewCell.swift; sourceTree = "<group>"; };
		1950685527BFDD2D00E0274D /* PlayerTests.swift */ = {isa = PBXFileReference; lastKnownFileType = sourcecode.swift; path = PlayerTests.swift; sourceTree = "<group>"; };
		1950685727BFDD8900E0274D /* CreateNewGameViewControllerTests.swift */ = {isa = PBXFileReference; lastKnownFileType = sourcecode.swift; path = CreateNewGameViewControllerTests.swift; sourceTree = "<group>"; };
		1950685927BFDDF700E0274D /* CreateNewGameDelegateFunctions.swift */ = {isa = PBXFileReference; lastKnownFileType = sourcecode.swift; path = CreateNewGameDelegateFunctions.swift; sourceTree = "<group>"; };
		1950685C27BFDECF00E0274D /* CreateNewGameCellRegistrations.swift */ = {isa = PBXFileReference; lastKnownFileType = sourcecode.swift; path = CreateNewGameCellRegistrations.swift; sourceTree = "<group>"; };
		1950686027BFE3F300E0274D /* ViewGameViewController.swift */ = {isa = PBXFileReference; lastKnownFileType = sourcecode.swift; path = ViewGameViewController.swift; sourceTree = "<group>"; };
		1953F31C27BF27A000F84D8E /* GameTests.swift */ = {isa = PBXFileReference; lastKnownFileType = sourcecode.swift; path = GameTests.swift; sourceTree = "<group>"; };
		1953F31E27BF28D600F84D8E /* CoreDataTestStack.swift */ = {isa = PBXFileReference; lastKnownFileType = sourcecode.swift; path = CoreDataTestStack.swift; sourceTree = "<group>"; };
		195B6A8727BDD46E007A2790 /* GameOverviewTableViewCell.swift */ = {isa = PBXFileReference; lastKnownFileType = sourcecode.swift; path = GameOverviewTableViewCell.swift; sourceTree = "<group>"; };
		198BD17927BC393A0056FAC6 /* GenericNSManagedObject.swift */ = {isa = PBXFileReference; lastKnownFileType = sourcecode.swift; path = GenericNSManagedObject.swift; sourceTree = "<group>"; };
		19A216B027B62850000A24FE /* Characters.swift */ = {isa = PBXFileReference; lastKnownFileType = sourcecode.swift; path = Characters.swift; sourceTree = "<group>"; };
		19B2F3DC27B6DB0500EEE513 /* CharacterPickerViewCollectionViewCell.swift */ = {isa = PBXFileReference; lastKnownFileType = sourcecode.swift; path = CharacterPickerViewCollectionViewCell.swift; sourceTree = "<group>"; };
		19CA3BBA27B612FB008F6826 /* SegmentedControlCollectionViewCell.swift */ = {isa = PBXFileReference; lastKnownFileType = sourcecode.swift; path = SegmentedControlCollectionViewCell.swift; sourceTree = "<group>"; };
		19CAB10427BC416C001D21F6 /* UINavigationControllerExtension.swift */ = {isa = PBXFileReference; lastKnownFileType = sourcecode.swift; path = UINavigationControllerExtension.swift; sourceTree = "<group>"; };
		19CAB10627BC43A6001D21F6 /* Player.swift */ = {isa = PBXFileReference; lastKnownFileType = sourcecode.swift; path = Player.swift; sourceTree = "<group>"; };
		19CAB10827BC458E001D21F6 /* Difficulty.swift */ = {isa = PBXFileReference; lastKnownFileType = sourcecode.swift; path = Difficulty.swift; sourceTree = "<group>"; };
		19CAB10C27BC92A7001D21F6 /* Rarity.swift */ = {isa = PBXFileReference; lastKnownFileType = sourcecode.swift; path = Rarity.swift; sourceTree = "<group>"; };
		19DB18A927BC1A9C0076AE52 /* Game.swift */ = {isa = PBXFileReference; lastKnownFileType = sourcecode.swift; path = Game.swift; sourceTree = "<group>"; };
		19E0789C27BDBA0800187FCE /* Scenario.swift */ = {isa = PBXFileReference; lastKnownFileType = sourcecode.swift; path = Scenario.swift; sourceTree = "<group>"; };
		19E0789E27BDBA1200187FCE /* LootCard.swift */ = {isa = PBXFileReference; lastKnownFileType = sourcecode.swift; path = LootCard.swift; sourceTree = "<group>"; };
		19ED309D27B0AF840013766B /* DTACompanion.app */ = {isa = PBXFileReference; explicitFileType = wrapper.application; includeInIndex = 0; path = DTACompanion.app; sourceTree = BUILT_PRODUCTS_DIR; };
		19ED30A027B0AF840013766B /* AppDelegate.swift */ = {isa = PBXFileReference; lastKnownFileType = sourcecode.swift; path = AppDelegate.swift; sourceTree = "<group>"; };
		19ED30A227B0AF840013766B /* SceneDelegate.swift */ = {isa = PBXFileReference; lastKnownFileType = sourcecode.swift; path = SceneDelegate.swift; sourceTree = "<group>"; };
		19ED30AA27B0AF840013766B /* DTAHelper.xcdatamodel */ = {isa = PBXFileReference; lastKnownFileType = wrapper.xcdatamodel; path = DTAHelper.xcdatamodel; sourceTree = "<group>"; };
		19ED30AC27B0AF850013766B /* Assets.xcassets */ = {isa = PBXFileReference; lastKnownFileType = folder.assetcatalog; path = Assets.xcassets; sourceTree = "<group>"; };
		19ED30AF27B0AF850013766B /* Base */ = {isa = PBXFileReference; lastKnownFileType = file.storyboard; name = Base; path = Base.lproj/LaunchScreen.storyboard; sourceTree = "<group>"; };
		19ED30B127B0AF850013766B /* Info.plist */ = {isa = PBXFileReference; lastKnownFileType = text.plist.xml; path = Info.plist; sourceTree = "<group>"; };
		19ED30B627B0AF850013766B /* DTACompanionTests.xctest */ = {isa = PBXFileReference; explicitFileType = wrapper.cfbundle; includeInIndex = 0; path = DTACompanionTests.xctest; sourceTree = BUILT_PRODUCTS_DIR; };
		19ED30D627B0B1140013766B /* HomeScreenViewController.swift */ = {isa = PBXFileReference; lastKnownFileType = sourcecode.swift; path = HomeScreenViewController.swift; sourceTree = "<group>"; };
/* End PBXFileReference section */

/* Begin PBXFrameworksBuildPhase section */
		19ED309A27B0AF840013766B /* Frameworks */ = {
			isa = PBXFrameworksBuildPhase;
			buildActionMask = 2147483647;
			files = (
			);
			runOnlyForDeploymentPostprocessing = 0;
		};
		19ED30B327B0AF850013766B /* Frameworks */ = {
			isa = PBXFrameworksBuildPhase;
			buildActionMask = 2147483647;
			files = (
			);
			runOnlyForDeploymentPostprocessing = 0;
		};
/* End PBXFrameworksBuildPhase section */

/* Begin PBXGroup section */
		1940FDC927B57D7E00C69111 /* Custom Cells */ = {
			isa = PBXGroup;
			children = (
				195B6A8627BDD432007A2790 /* Home Screen */,
				195B6A8527BDD424007A2790 /* Create New Game */,
			);
			path = "Custom Cells";
			sourceTree = "<group>";
		};
		1950685B27BFDE0500E0274D /* Create New Game */ = {
			isa = PBXGroup;
			children = (
				191BF0D827B46F15004B2161 /* CreateNewGameViewController.swift */,
				1950685927BFDDF700E0274D /* CreateNewGameDelegateFunctions.swift */,
				1950685C27BFDECF00E0274D /* CreateNewGameCellRegistrations.swift */,
			);
			path = "Create New Game";
			sourceTree = "<group>";
		};
		1950685E27BFE3A100E0274D /* Home Screen */ = {
			isa = PBXGroup;
			children = (
				19ED30D627B0B1140013766B /* HomeScreenViewController.swift */,
			);
			path = "Home Screen";
			sourceTree = "<group>";
		};
		1950685F27BFE3B100E0274D /*  View Games */ = {
			isa = PBXGroup;
			children = (
				1950686027BFE3F300E0274D /* ViewGameViewController.swift */,
			);
			path = " View Games";
			sourceTree = "<group>";
		};
		195B6A8527BDD424007A2790 /* Create New Game */ = {
			isa = PBXGroup;
			children = (
				1940FDCA27B57DB000C69111 /* TextEntryCollectionViewCell.swift */,
				19CA3BBA27B612FB008F6826 /* SegmentedControlCollectionViewCell.swift */,
				19B2F3DC27B6DB0500EEE513 /* CharacterPickerViewCollectionViewCell.swift */,
				1931422C27BA0C4300752221 /* DifficultyPickerViewCollectionViewCell.swift */,
				1931423127BAEDB400752221 /* SwitchListCollectionViewCell.swift */,
			);
			path = "Create New Game";
			sourceTree = "<group>";
		};
		195B6A8627BDD432007A2790 /* Home Screen */ = {
			isa = PBXGroup;
			children = (
				195B6A8727BDD46E007A2790 /* GameOverviewTableViewCell.swift */,
			);
			path = "Home Screen";
			sourceTree = "<group>";
		};
		19CAB10A27BC4600001D21F6 /* Public Enums */ = {
			isa = PBXGroup;
			children = (
				19A216B027B62850000A24FE /* Characters.swift */,
				19CAB10827BC458E001D21F6 /* Difficulty.swift */,
				19CAB10C27BC92A7001D21F6 /* Rarity.swift */,
			);
			path = "Public Enums";
			sourceTree = "<group>";
		};
		19CAB10B27BC816C001D21F6 /* Extensions */ = {
			isa = PBXGroup;
			children = (
				19CAB10427BC416C001D21F6 /* UINavigationControllerExtension.swift */,
			);
			path = Extensions;
			sourceTree = "<group>";
		};
		19DB18A827BC1A030076AE52 /* Core Data */ = {
			isa = PBXGroup;
			children = (
				19ED30A927B0AF840013766B /* DTACompanion.xcdatamodeld */,
				198BD17927BC393A0056FAC6 /* GenericNSManagedObject.swift */,
				19DB18A927BC1A9C0076AE52 /* Game.swift */,
				19CAB10627BC43A6001D21F6 /* Player.swift */,
				19E0789C27BDBA0800187FCE /* Scenario.swift */,
				19E0789E27BDBA1200187FCE /* LootCard.swift */,
			);
			path = "Core Data";
			sourceTree = "<group>";
		};
		19ED309427B0AF840013766B = {
			isa = PBXGroup;
			children = (
				19ED309F27B0AF840013766B /* DTACompanion */,
				19ED30B927B0AF850013766B /* DTACompanionTests */,
				19ED309E27B0AF840013766B /* Products */,
			);
			sourceTree = "<group>";
		};
		19ED309E27B0AF840013766B /* Products */ = {
			isa = PBXGroup;
			children = (
				19ED309D27B0AF840013766B /* DTACompanion.app */,
				19ED30B627B0AF850013766B /* DTACompanionTests.xctest */,
			);
			name = Products;
			sourceTree = "<group>";
		};
		19ED309F27B0AF840013766B /* DTACompanion */ = {
			isa = PBXGroup;
			children = (
				19CAB10A27BC4600001D21F6 /* Public Enums */,
				19ED30D427B0B09E0013766B /* App Assets */,
				19ED30D327B0B08B0013766B /* App Delegate */,
				19ED30D527B0B1040013766B /* Controllers */,
				1940FDC927B57D7E00C69111 /* Custom Cells */,
				19DB18A827BC1A030076AE52 /* Core Data */,
			);
			path = DTACompanion;
			sourceTree = "<group>";
		};
		19ED30B927B0AF850013766B /* DTACompanionTests */ = {
			isa = PBXGroup;
			children = (
				1953F31E27BF28D600F84D8E /* CoreDataTestStack.swift */,
				1953F31C27BF27A000F84D8E /* GameTests.swift */,
				1950685527BFDD2D00E0274D /* PlayerTests.swift */,
				1950685727BFDD8900E0274D /* CreateNewGameViewControllerTests.swift */,
			);
			path = DTACompanionTests;
			sourceTree = "<group>";
		};
		19ED30D327B0B08B0013766B /* App Delegate */ = {
			isa = PBXGroup;
			children = (
				19ED30A027B0AF840013766B /* AppDelegate.swift */,
				19ED30A227B0AF840013766B /* SceneDelegate.swift */,
			);
			path = "App Delegate";
			sourceTree = "<group>";
		};
		19ED30D427B0B09E0013766B /* App Assets */ = {
			isa = PBXGroup;
			children = (
				19ED30AC27B0AF850013766B /* Assets.xcassets */,
				19ED30AE27B0AF850013766B /* LaunchScreen.storyboard */,
				19ED30B127B0AF850013766B /* Info.plist */,
			);
			path = "App Assets";
			sourceTree = "<group>";
		};
		19ED30D527B0B1040013766B /* Controllers */ = {
			isa = PBXGroup;
			children = (
				19CAB10B27BC816C001D21F6 /* Extensions */,
				1950685E27BFE3A100E0274D /* Home Screen */,
				1950685B27BFDE0500E0274D /* Create New Game */,
				1950685F27BFE3B100E0274D /*  View Games */,
			);
			path = Controllers;
			sourceTree = "<group>";
		};
/* End PBXGroup section */

/* Begin PBXNativeTarget section */
		19ED309C27B0AF840013766B /* DTACompanion */ = {
			isa = PBXNativeTarget;
			buildConfigurationList = 19ED30CA27B0AF850013766B /* Build configuration list for PBXNativeTarget "DTACompanion" */;
			buildPhases = (
				19ED309927B0AF840013766B /* Sources */,
				19ED309A27B0AF840013766B /* Frameworks */,
				19ED309B27B0AF840013766B /* Resources */,
			);
			buildRules = (
			);
			dependencies = (
			);
			name = DTACompanion;
			productName = DTAHelper;
			productReference = 19ED309D27B0AF840013766B /* DTACompanion.app */;
			productType = "com.apple.product-type.application";
		};
		19ED30B527B0AF850013766B /* DTACompanionTests */ = {
			isa = PBXNativeTarget;
			buildConfigurationList = 19ED30CD27B0AF850013766B /* Build configuration list for PBXNativeTarget "DTACompanionTests" */;
			buildPhases = (
				19ED30B227B0AF850013766B /* Sources */,
				19ED30B327B0AF850013766B /* Frameworks */,
				19ED30B427B0AF850013766B /* Resources */,
			);
			buildRules = (
			);
			dependencies = (
				19ED30B827B0AF850013766B /* PBXTargetDependency */,
			);
			name = DTACompanionTests;
			productName = DTAHelperTests;
			productReference = 19ED30B627B0AF850013766B /* DTACompanionTests.xctest */;
			productType = "com.apple.product-type.bundle.unit-test";
		};
/* End PBXNativeTarget section */

/* Begin PBXProject section */
		19ED309527B0AF840013766B /* Project object */ = {
			isa = PBXProject;
			attributes = {
				BuildIndependentTargetsInParallel = 1;
				LastSwiftUpdateCheck = 1320;
				LastUpgradeCheck = 1320;
				TargetAttributes = {
					19ED309C27B0AF840013766B = {
						CreatedOnToolsVersion = 13.2.1;
					};
					19ED30B527B0AF850013766B = {
						CreatedOnToolsVersion = 13.2.1;
						TestTargetID = 19ED309C27B0AF840013766B;
					};
				};
			};
			buildConfigurationList = 19ED309827B0AF840013766B /* Build configuration list for PBXProject "DTACompanion" */;
			compatibilityVersion = "Xcode 13.0";
			developmentRegion = en;
			hasScannedForEncodings = 0;
			knownRegions = (
				en,
				Base,
			);
			mainGroup = 19ED309427B0AF840013766B;
			productRefGroup = 19ED309E27B0AF840013766B /* Products */;
			projectDirPath = "";
			projectRoot = "";
			targets = (
				19ED309C27B0AF840013766B /* DTACompanion */,
				19ED30B527B0AF850013766B /* DTACompanionTests */,
			);
		};
/* End PBXProject section */

/* Begin PBXResourcesBuildPhase section */
		19ED309B27B0AF840013766B /* Resources */ = {
			isa = PBXResourcesBuildPhase;
			buildActionMask = 2147483647;
			files = (
				19ED30B027B0AF850013766B /* LaunchScreen.storyboard in Resources */,
				19ED30AD27B0AF850013766B /* Assets.xcassets in Resources */,
			);
			runOnlyForDeploymentPostprocessing = 0;
		};
		19ED30B427B0AF850013766B /* Resources */ = {
			isa = PBXResourcesBuildPhase;
			buildActionMask = 2147483647;
			files = (
			);
			runOnlyForDeploymentPostprocessing = 0;
		};
/* End PBXResourcesBuildPhase section */

/* Begin PBXSourcesBuildPhase section */
		19ED309927B0AF840013766B /* Sources */ = {
			isa = PBXSourcesBuildPhase;
			buildActionMask = 2147483647;
			files = (
				19ED30A127B0AF840013766B /* AppDelegate.swift in Sources */,
				19ED30D727B0B1140013766B /* HomeScreenViewController.swift in Sources */,
				19ED30A327B0AF840013766B /* SceneDelegate.swift in Sources */,
				1950685A27BFDDF700E0274D /* CreateNewGameDelegateFunctions.swift in Sources */,
				19CAB10527BC416C001D21F6 /* UINavigationControllerExtension.swift in Sources */,
				191BF0D927B46F15004B2161 /* CreateNewGameViewController.swift in Sources */,
				198BD17A27BC393A0056FAC6 /* GenericNSManagedObject.swift in Sources */,
				195B6A8827BDD46E007A2790 /* GameOverviewTableViewCell.swift in Sources */,
				19B2F3DD27B6DB0500EEE513 /* CharacterPickerViewCollectionViewCell.swift in Sources */,
				19CA3BBB27B612FB008F6826 /* SegmentedControlCollectionViewCell.swift in Sources */,
				19CAB10927BC458E001D21F6 /* Difficulty.swift in Sources */,
				19A216B127B62850000A24FE /* Characters.swift in Sources */,
				19DB18AA27BC1A9C0076AE52 /* Game.swift in Sources */,
				1950685D27BFDECF00E0274D /* CreateNewGameCellRegistrations.swift in Sources */,
				19CAB10D27BC92A7001D21F6 /* Rarity.swift in Sources */,
				1931423227BAEDB400752221 /* SwitchListCollectionViewCell.swift in Sources */,
				19E0789F27BDBA1200187FCE /* LootCard.swift in Sources */,
				1940FDCB27B57DB000C69111 /* TextEntryCollectionViewCell.swift in Sources */,
				19E0789D27BDBA0800187FCE /* Scenario.swift in Sources */,
				1950686127BFE3F300E0274D /* ViewGameViewController.swift in Sources */,
				1931422D27BA0C4300752221 /* DifficultyPickerViewCollectionViewCell.swift in Sources */,
				19CAB10727BC43A6001D21F6 /* Player.swift in Sources */,
				19ED30AB27B0AF840013766B /* DTACompanion.xcdatamodeld in Sources */,
			);
			runOnlyForDeploymentPostprocessing = 0;
		};
		19ED30B227B0AF850013766B /* Sources */ = {
			isa = PBXSourcesBuildPhase;
			buildActionMask = 2147483647;
			files = (
				1953F31D27BF27A000F84D8E /* GameTests.swift in Sources */,
				1950685627BFDD2D00E0274D /* PlayerTests.swift in Sources */,
				1953F31F27BF28D600F84D8E /* CoreDataTestStack.swift in Sources */,
				1950685827BFDD8900E0274D /* CreateNewGameViewControllerTests.swift in Sources */,
			);
			runOnlyForDeploymentPostprocessing = 0;
		};
/* End PBXSourcesBuildPhase section */

/* Begin PBXTargetDependency section */
		19ED30B827B0AF850013766B /* PBXTargetDependency */ = {
			isa = PBXTargetDependency;
			target = 19ED309C27B0AF840013766B /* DTACompanion */;
			targetProxy = 19ED30B727B0AF850013766B /* PBXContainerItemProxy */;
		};
/* End PBXTargetDependency section */

/* Begin PBXVariantGroup section */
		19ED30AE27B0AF850013766B /* LaunchScreen.storyboard */ = {
			isa = PBXVariantGroup;
			children = (
				19ED30AF27B0AF850013766B /* Base */,
			);
			name = LaunchScreen.storyboard;
			sourceTree = "<group>";
		};
/* End PBXVariantGroup section */

/* Begin XCBuildConfiguration section */
		19ED30C827B0AF850013766B /* Debug */ = {
			isa = XCBuildConfiguration;
			buildSettings = {
				ALWAYS_SEARCH_USER_PATHS = NO;
				CLANG_ANALYZER_NONNULL = YES;
				CLANG_ANALYZER_NUMBER_OBJECT_CONVERSION = YES_AGGRESSIVE;
				CLANG_CXX_LANGUAGE_STANDARD = "gnu++17";
				CLANG_CXX_LIBRARY = "libc++";
				CLANG_ENABLE_MODULES = YES;
				CLANG_ENABLE_OBJC_ARC = YES;
				CLANG_ENABLE_OBJC_WEAK = YES;
				CLANG_WARN_BLOCK_CAPTURE_AUTORELEASING = YES;
				CLANG_WARN_BOOL_CONVERSION = YES;
				CLANG_WARN_COMMA = YES;
				CLANG_WARN_CONSTANT_CONVERSION = YES;
				CLANG_WARN_DEPRECATED_OBJC_IMPLEMENTATIONS = YES;
				CLANG_WARN_DIRECT_OBJC_ISA_USAGE = YES_ERROR;
				CLANG_WARN_DOCUMENTATION_COMMENTS = YES;
				CLANG_WARN_EMPTY_BODY = YES;
				CLANG_WARN_ENUM_CONVERSION = YES;
				CLANG_WARN_INFINITE_RECURSION = YES;
				CLANG_WARN_INT_CONVERSION = YES;
				CLANG_WARN_NON_LITERAL_NULL_CONVERSION = YES;
				CLANG_WARN_OBJC_IMPLICIT_RETAIN_SELF = YES;
				CLANG_WARN_OBJC_LITERAL_CONVERSION = YES;
				CLANG_WARN_OBJC_ROOT_CLASS = YES_ERROR;
				CLANG_WARN_QUOTED_INCLUDE_IN_FRAMEWORK_HEADER = YES;
				CLANG_WARN_RANGE_LOOP_ANALYSIS = YES;
				CLANG_WARN_STRICT_PROTOTYPES = YES;
				CLANG_WARN_SUSPICIOUS_MOVE = YES;
				CLANG_WARN_UNGUARDED_AVAILABILITY = YES_AGGRESSIVE;
				CLANG_WARN_UNREACHABLE_CODE = YES;
				CLANG_WARN__DUPLICATE_METHOD_MATCH = YES;
				COPY_PHASE_STRIP = NO;
				DEBUG_INFORMATION_FORMAT = dwarf;
				ENABLE_STRICT_OBJC_MSGSEND = YES;
				ENABLE_TESTABILITY = YES;
				GCC_C_LANGUAGE_STANDARD = gnu11;
				GCC_DYNAMIC_NO_PIC = NO;
				GCC_NO_COMMON_BLOCKS = YES;
				GCC_OPTIMIZATION_LEVEL = 0;
				GCC_PREPROCESSOR_DEFINITIONS = (
					"DEBUG=1",
					"$(inherited)",
				);
				GCC_WARN_64_TO_32_BIT_CONVERSION = YES;
				GCC_WARN_ABOUT_RETURN_TYPE = YES_ERROR;
				GCC_WARN_UNDECLARED_SELECTOR = YES;
				GCC_WARN_UNINITIALIZED_AUTOS = YES_AGGRESSIVE;
				GCC_WARN_UNUSED_FUNCTION = YES;
				GCC_WARN_UNUSED_VARIABLE = YES;
				IPHONEOS_DEPLOYMENT_TARGET = 15.2;
				MTL_ENABLE_DEBUG_INFO = INCLUDE_SOURCE;
				MTL_FAST_MATH = YES;
				ONLY_ACTIVE_ARCH = YES;
				SDKROOT = iphoneos;
				SWIFT_ACTIVE_COMPILATION_CONDITIONS = DEBUG;
				SWIFT_OPTIMIZATION_LEVEL = "-Onone";
			};
			name = Debug;
		};
		19ED30C927B0AF850013766B /* Release */ = {
			isa = XCBuildConfiguration;
			buildSettings = {
				ALWAYS_SEARCH_USER_PATHS = NO;
				CLANG_ANALYZER_NONNULL = YES;
				CLANG_ANALYZER_NUMBER_OBJECT_CONVERSION = YES_AGGRESSIVE;
				CLANG_CXX_LANGUAGE_STANDARD = "gnu++17";
				CLANG_CXX_LIBRARY = "libc++";
				CLANG_ENABLE_MODULES = YES;
				CLANG_ENABLE_OBJC_ARC = YES;
				CLANG_ENABLE_OBJC_WEAK = YES;
				CLANG_WARN_BLOCK_CAPTURE_AUTORELEASING = YES;
				CLANG_WARN_BOOL_CONVERSION = YES;
				CLANG_WARN_COMMA = YES;
				CLANG_WARN_CONSTANT_CONVERSION = YES;
				CLANG_WARN_DEPRECATED_OBJC_IMPLEMENTATIONS = YES;
				CLANG_WARN_DIRECT_OBJC_ISA_USAGE = YES_ERROR;
				CLANG_WARN_DOCUMENTATION_COMMENTS = YES;
				CLANG_WARN_EMPTY_BODY = YES;
				CLANG_WARN_ENUM_CONVERSION = YES;
				CLANG_WARN_INFINITE_RECURSION = YES;
				CLANG_WARN_INT_CONVERSION = YES;
				CLANG_WARN_NON_LITERAL_NULL_CONVERSION = YES;
				CLANG_WARN_OBJC_IMPLICIT_RETAIN_SELF = YES;
				CLANG_WARN_OBJC_LITERAL_CONVERSION = YES;
				CLANG_WARN_OBJC_ROOT_CLASS = YES_ERROR;
				CLANG_WARN_QUOTED_INCLUDE_IN_FRAMEWORK_HEADER = YES;
				CLANG_WARN_RANGE_LOOP_ANALYSIS = YES;
				CLANG_WARN_STRICT_PROTOTYPES = YES;
				CLANG_WARN_SUSPICIOUS_MOVE = YES;
				CLANG_WARN_UNGUARDED_AVAILABILITY = YES_AGGRESSIVE;
				CLANG_WARN_UNREACHABLE_CODE = YES;
				CLANG_WARN__DUPLICATE_METHOD_MATCH = YES;
				COPY_PHASE_STRIP = NO;
				DEBUG_INFORMATION_FORMAT = "dwarf-with-dsym";
				ENABLE_NS_ASSERTIONS = NO;
				ENABLE_STRICT_OBJC_MSGSEND = YES;
				GCC_C_LANGUAGE_STANDARD = gnu11;
				GCC_NO_COMMON_BLOCKS = YES;
				GCC_WARN_64_TO_32_BIT_CONVERSION = YES;
				GCC_WARN_ABOUT_RETURN_TYPE = YES_ERROR;
				GCC_WARN_UNDECLARED_SELECTOR = YES;
				GCC_WARN_UNINITIALIZED_AUTOS = YES_AGGRESSIVE;
				GCC_WARN_UNUSED_FUNCTION = YES;
				GCC_WARN_UNUSED_VARIABLE = YES;
				IPHONEOS_DEPLOYMENT_TARGET = 15.2;
				MTL_ENABLE_DEBUG_INFO = NO;
				MTL_FAST_MATH = YES;
				SDKROOT = iphoneos;
				SWIFT_COMPILATION_MODE = wholemodule;
				SWIFT_OPTIMIZATION_LEVEL = "-O";
				VALIDATE_PRODUCT = YES;
			};
			name = Release;
		};
		19ED30CB27B0AF850013766B /* Debug */ = {
			isa = XCBuildConfiguration;
			buildSettings = {
				ASSETCATALOG_COMPILER_APPICON_NAME = AppIcon;
				ASSETCATALOG_COMPILER_GLOBAL_ACCENT_COLOR_NAME = AccentColor;
				CODE_SIGN_STYLE = Automatic;
				CURRENT_PROJECT_VERSION = 1;
				DEVELOPMENT_TEAM = Z4PM8J443B;
				GCC_TREAT_WARNINGS_AS_ERRORS = YES;
				GENERATE_INFOPLIST_FILE = YES;
				INFOPLIST_FILE = "DTACompanion/App Assets/Info.plist";
				INFOPLIST_KEY_CFBundleDisplayName = "DTA Companion";
				INFOPLIST_KEY_UIApplicationSupportsIndirectInputEvents = YES;
				INFOPLIST_KEY_UILaunchStoryboardName = LaunchScreen;
				INFOPLIST_KEY_UISupportedInterfaceOrientations_iPad = "UIInterfaceOrientationPortrait UIInterfaceOrientationPortraitUpsideDown UIInterfaceOrientationLandscapeLeft UIInterfaceOrientationLandscapeRight";
				INFOPLIST_KEY_UISupportedInterfaceOrientations_iPhone = "UIInterfaceOrientationPortrait UIInterfaceOrientationLandscapeLeft UIInterfaceOrientationLandscapeRight";
				LD_RUNPATH_SEARCH_PATHS = (
					"$(inherited)",
					"@executable_path/Frameworks",
				);
				MARKETING_VERSION = 1.0;
				PRODUCT_BUNDLE_IDENTIFIER = com.kadewalter.DTACompanion;
				PRODUCT_NAME = "$(TARGET_NAME)";
				SWIFT_EMIT_LOC_STRINGS = YES;
				SWIFT_TREAT_WARNINGS_AS_ERRORS = YES;
				SWIFT_VERSION = 5.0;
				TARGETED_DEVICE_FAMILY = "1,2";
			};
			name = Debug;
		};
		19ED30CC27B0AF850013766B /* Release */ = {
			isa = XCBuildConfiguration;
			buildSettings = {
				ASSETCATALOG_COMPILER_APPICON_NAME = AppIcon;
				ASSETCATALOG_COMPILER_GLOBAL_ACCENT_COLOR_NAME = AccentColor;
				CODE_SIGN_STYLE = Automatic;
				CURRENT_PROJECT_VERSION = 1;
				DEVELOPMENT_TEAM = Z4PM8J443B;
				GCC_TREAT_WARNINGS_AS_ERRORS = YES;
				GENERATE_INFOPLIST_FILE = YES;
				INFOPLIST_FILE = "DTACompanion/App Assets/Info.plist";
				INFOPLIST_KEY_CFBundleDisplayName = "DTA Companion";
				INFOPLIST_KEY_UIApplicationSupportsIndirectInputEvents = YES;
				INFOPLIST_KEY_UILaunchStoryboardName = LaunchScreen;
				INFOPLIST_KEY_UISupportedInterfaceOrientations_iPad = "UIInterfaceOrientationPortrait UIInterfaceOrientationPortraitUpsideDown UIInterfaceOrientationLandscapeLeft UIInterfaceOrientationLandscapeRight";
				INFOPLIST_KEY_UISupportedInterfaceOrientations_iPhone = "UIInterfaceOrientationPortrait UIInterfaceOrientationLandscapeLeft UIInterfaceOrientationLandscapeRight";
				LD_RUNPATH_SEARCH_PATHS = (
					"$(inherited)",
					"@executable_path/Frameworks",
				);
				MARKETING_VERSION = 1.0;
				PRODUCT_BUNDLE_IDENTIFIER = com.kadewalter.DTACompanion;
				PRODUCT_NAME = "$(TARGET_NAME)";
				SWIFT_EMIT_LOC_STRINGS = YES;
				SWIFT_TREAT_WARNINGS_AS_ERRORS = YES;
				SWIFT_VERSION = 5.0;
				TARGETED_DEVICE_FAMILY = "1,2";
			};
			name = Release;
		};
		19ED30CE27B0AF850013766B /* Debug */ = {
			isa = XCBuildConfiguration;
			buildSettings = {
				ALWAYS_EMBED_SWIFT_STANDARD_LIBRARIES = YES;
				BUNDLE_LOADER = "$(TEST_HOST)";
				CODE_SIGN_STYLE = Automatic;
				CURRENT_PROJECT_VERSION = 1;
				DEVELOPMENT_TEAM = Z4PM8J443B;
				GENERATE_INFOPLIST_FILE = YES;
				IPHONEOS_DEPLOYMENT_TARGET = 15.2;
				MARKETING_VERSION = 1.0;
				PRODUCT_BUNDLE_IDENTIFIER = KadeWalter.DTACompanionTests;
				PRODUCT_NAME = "$(TARGET_NAME)";
				SWIFT_EMIT_LOC_STRINGS = NO;
				SWIFT_VERSION = 5.0;
				TARGETED_DEVICE_FAMILY = "1,2";
				TEST_HOST = "$(BUILT_PRODUCTS_DIR)/DTACompanion.app/DTACompanion";
			};
			name = Debug;
		};
		19ED30CF27B0AF850013766B /* Release */ = {
			isa = XCBuildConfiguration;
			buildSettings = {
				ALWAYS_EMBED_SWIFT_STANDARD_LIBRARIES = YES;
				BUNDLE_LOADER = "$(TEST_HOST)";
				CODE_SIGN_STYLE = Automatic;
				CURRENT_PROJECT_VERSION = 1;
				DEVELOPMENT_TEAM = Z4PM8J443B;
				GENERATE_INFOPLIST_FILE = YES;
				IPHONEOS_DEPLOYMENT_TARGET = 15.2;
				MARKETING_VERSION = 1.0;
				PRODUCT_BUNDLE_IDENTIFIER = KadeWalter.DTACompanionTests;
				PRODUCT_NAME = "$(TARGET_NAME)";
				SWIFT_EMIT_LOC_STRINGS = NO;
				SWIFT_VERSION = 5.0;
				TARGETED_DEVICE_FAMILY = "1,2";
				TEST_HOST = "$(BUILT_PRODUCTS_DIR)/DTACompanion.app/DTACompanion";
			};
			name = Release;
		};
/* End XCBuildConfiguration section */

/* Begin XCConfigurationList section */
		19ED309827B0AF840013766B /* Build configuration list for PBXProject "DTACompanion" */ = {
			isa = XCConfigurationList;
			buildConfigurations = (
				19ED30C827B0AF850013766B /* Debug */,
				19ED30C927B0AF850013766B /* Release */,
			);
			defaultConfigurationIsVisible = 0;
			defaultConfigurationName = Release;
		};
		19ED30CA27B0AF850013766B /* Build configuration list for PBXNativeTarget "DTACompanion" */ = {
			isa = XCConfigurationList;
			buildConfigurations = (
				19ED30CB27B0AF850013766B /* Debug */,
				19ED30CC27B0AF850013766B /* Release */,
			);
			defaultConfigurationIsVisible = 0;
			defaultConfigurationName = Release;
		};
		19ED30CD27B0AF850013766B /* Build configuration list for PBXNativeTarget "DTACompanionTests" */ = {
			isa = XCConfigurationList;
			buildConfigurations = (
				19ED30CE27B0AF850013766B /* Debug */,
				19ED30CF27B0AF850013766B /* Release */,
			);
			defaultConfigurationIsVisible = 0;
			defaultConfigurationName = Release;
		};
/* End XCConfigurationList section */

/* Begin XCVersionGroup section */
		19ED30A927B0AF840013766B /* DTACompanion.xcdatamodeld */ = {
			isa = XCVersionGroup;
			children = (
				19ED30AA27B0AF840013766B /* DTAHelper.xcdatamodel */,
			);
			currentVersion = 19ED30AA27B0AF840013766B /* DTAHelper.xcdatamodel */;
			path = DTACompanion.xcdatamodeld;
			sourceTree = "<group>";
			versionGroupType = wrapper.xcdatamodel;
		};
/* End XCVersionGroup section */
	};
	rootObject = 19ED309527B0AF840013766B /* Project object */;
}
